
Microsoft Visual Studio Solution File, Format Version 12.00
# Visual Studio Version 16
VisualStudioVersion = 16.0.30002.166
MinimumVisualStudioVersion = 10.0.40219.1
Project("{FAE04EC0-301F-11D3-BF4B-00C04F79EFBC}") = "SmartSchoolWebApi", "SmartSchoolWebApi\SmartSchoolWebApi.csproj", "{69BCC7D1-87E1-4190-AAC2-64D7613AC9F4}"
EndProject
Global
	GlobalSection(SolutionConfigurationPlatforms) = preSolution
		Debug|Any CPU = Debug|Any CPU
		Release|Any CPU = Release|Any CPU
	EndGlobalSection
	GlobalSection(ProjectConfigurationPlatforms) = postSolution
		{69BCC7D1-87E1-4190-AAC2-64D7613AC9F4}.Debug|Any CPU.ActiveCfg = Debug|Any CPU
		{69BCC7D1-87E1-4190-AAC2-64D7613AC9F4}.Debug|Any CPU.Build.0 = Debug|Any CPU
		{69BCC7D1-87E1-4190-AAC2-64D7613AC9F4}.Release|Any CPU.ActiveCfg = Release|Any CPU
		{69BCC7D1-87E1-4190-AAC2-64D7613AC9F4}.Release|Any CPU.Build.0 = Release|Any CPU
	EndGlobalSection
	GlobalSection(SolutionProperties) = preSolution
		HideSolutionNode = FALSE
	EndGlobalSection
	GlobalSection(ExtensibilityGlobals) = postSolution
		SolutionGuid = {D650106C-4711-49F9-802A-3AB8C862F21A}
	EndGlobalSection
EndGlobal
